
Microsoft Visual Studio Solution File, Format Version 12.00
# Visual Studio Version 16
VisualStudioVersion = 16.0.32106.194
MinimumVisualStudioVersion = 10.0.40219.1
Project("{8BC9CEB8-8B4A-11D0-8D11-00A0C91BC942}") = "driver", "driver\driver.vcxproj", "{276757DF-F2DB-4AAE-B161-32E1C82693E4}"
EndProject
Project("{8BC9CEB8-8B4A-11D0-8D11-00A0C91BC942}") = "ProcessMonitor", "ProcessMonitor\ProcessMonitor.vcxproj", "{7078127F-74E1-4FED-9365-D1B6BA939072}"
EndProject
Project("{8BC9CEB8-8B4A-11D0-8D11-00A0C91BC942}") = "LowLevel", "low\LowLevel.vcxproj", "{255002EC-9FC7-422E-B497-BE2CC5012B2D}"
EndProject
Project("{8BC9CEB8-8B4A-11D0-8D11-00A0C91BC942}") = "AssistInject", "AssistInject\AssistInject.vcxproj", "{A19F0358-A69B-42CB-9C40-9BC5FA471FA5}"
	ProjectSection(ProjectDependencies) = postProject
		{255002EC-9FC7-422E-B497-BE2CC5012B2D} = {255002EC-9FC7-422E-B497-BE2CC5012B2D}
	EndProjectSection
EndProject
Global
	GlobalSection(SolutionConfigurationPlatforms) = preSolution
		Debug|ARM = Debug|ARM
		Debug|ARM64 = Debug|ARM64
		Debug|x64 = Debug|x64
		Debug|x86 = Debug|x86
		Release|ARM = Release|ARM
		Release|ARM64 = Release|ARM64
		Release|x64 = Release|x64
		Release|x86 = Release|x86
	EndGlobalSection
	GlobalSection(ProjectConfigurationPlatforms) = postSolution
		{276757DF-F2DB-4AAE-B161-32E1C82693E4}.Debug|ARM.ActiveCfg = Debug|ARM
		{276757DF-F2DB-4AAE-B161-32E1C82693E4}.Debug|ARM.Build.0 = Debug|ARM
		{276757DF-F2DB-4AAE-B161-32E1C82693E4}.Debug|ARM.Deploy.0 = Debug|ARM
		{276757DF-F2DB-4AAE-B161-32E1C82693E4}.Debug|ARM64.ActiveCfg = Debug|ARM64
		{276757DF-F2DB-4AAE-B161-32E1C82693E4}.Debug|ARM64.Build.0 = Debug|ARM64
		{276757DF-F2DB-4AAE-B161-32E1C82693E4}.Debug|ARM64.Deploy.0 = Debug|ARM64
		{276757DF-F2DB-4AAE-B161-32E1C82693E4}.Debug|x64.ActiveCfg = Debug|x64
		{276757DF-F2DB-4AAE-B161-32E1C82693E4}.Debug|x64.Build.0 = Debug|x64
		{276757DF-F2DB-4AAE-B161-32E1C82693E4}.Debug|x86.ActiveCfg = Debug|Win32
		{276757DF-F2DB-4AAE-B161-32E1C82693E4}.Debug|x86.Build.0 = Debug|Win32
		{276757DF-F2DB-4AAE-B161-32E1C82693E4}.Release|ARM.ActiveCfg = Release|ARM
		{276757DF-F2DB-4AAE-B161-32E1C82693E4}.Release|ARM.Build.0 = Release|ARM
		{276757DF-F2DB-4AAE-B161-32E1C82693E4}.Release|ARM.Deploy.0 = Release|ARM
		{276757DF-F2DB-4AAE-B161-32E1C82693E4}.Release|ARM64.ActiveCfg = Release|ARM64
		{276757DF-F2DB-4AAE-B161-32E1C82693E4}.Release|ARM64.Build.0 = Release|ARM64
		{276757DF-F2DB-4AAE-B161-32E1C82693E4}.Release|ARM64.Deploy.0 = Release|ARM64
		{276757DF-F2DB-4AAE-B161-32E1C82693E4}.Release|x64.ActiveCfg = Release|x64
		{276757DF-F2DB-4AAE-B161-32E1C82693E4}.Release|x64.Build.0 = Release|x64
		{276757DF-F2DB-4AAE-B161-32E1C82693E4}.Release|x86.ActiveCfg = Release|Win32
		{276757DF-F2DB-4AAE-B161-32E1C82693E4}.Release|x86.Build.0 = Release|Win32
		{7078127F-74E1-4FED-9365-D1B6BA939072}.Debug|ARM.ActiveCfg = Debug|Win32
		{7078127F-74E1-4FED-9365-D1B6BA939072}.Debug|ARM64.ActiveCfg = Debug|Win32
		{7078127F-74E1-4FED-9365-D1B6BA939072}.Debug|x64.ActiveCfg = Debug|x64
		{7078127F-74E1-4FED-9365-D1B6BA939072}.Debug|x64.Build.0 = Debug|x64
		{7078127F-74E1-4FED-9365-D1B6BA939072}.Debug|x86.ActiveCfg = Debug|Win32
		{7078127F-74E1-4FED-9365-D1B6BA939072}.Debug|x86.Build.0 = Debug|Win32
		{7078127F-74E1-4FED-9365-D1B6BA939072}.Release|ARM.ActiveCfg = Release|Win32
		{7078127F-74E1-4FED-9365-D1B6BA939072}.Release|ARM64.ActiveCfg = Release|Win32
		{7078127F-74E1-4FED-9365-D1B6BA939072}.Release|x64.ActiveCfg = Release|x64
		{7078127F-74E1-4FED-9365-D1B6BA939072}.Release|x64.Build.0 = Release|x64
		{7078127F-74E1-4FED-9365-D1B6BA939072}.Release|x86.ActiveCfg = Release|Win32
		{7078127F-74E1-4FED-9365-D1B6BA939072}.Release|x86.Build.0 = Release|Win32
		{255002EC-9FC7-422E-B497-BE2CC5012B2D}.Debug|ARM.ActiveCfg = Release|Win32
		{255002EC-9FC7-422E-B497-BE2CC5012B2D}.Debug|ARM.Build.0 = Release|Win32
		{255002EC-9FC7-422E-B497-BE2CC5012B2D}.Debug|ARM64.ActiveCfg = Release|ARM64
		{255002EC-9FC7-422E-B497-BE2CC5012B2D}.Debug|ARM64.Build.0 = Release|ARM64
		{255002EC-9FC7-422E-B497-BE2CC5012B2D}.Debug|x64.ActiveCfg = Release|x64
		{255002EC-9FC7-422E-B497-BE2CC5012B2D}.Debug|x64.Build.0 = Release|x64
		{255002EC-9FC7-422E-B497-BE2CC5012B2D}.Debug|x86.ActiveCfg = Release|Win32
		{255002EC-9FC7-422E-B497-BE2CC5012B2D}.Debug|x86.Build.0 = Release|Win32
		{255002EC-9FC7-422E-B497-BE2CC5012B2D}.Release|ARM.ActiveCfg = Release|Win32
		{255002EC-9FC7-422E-B497-BE2CC5012B2D}.Release|ARM64.ActiveCfg = Release|ARM64
		{255002EC-9FC7-422E-B497-BE2CC5012B2D}.Release|ARM64.Build.0 = Release|ARM64
		{255002EC-9FC7-422E-B497-BE2CC5012B2D}.Release|x64.ActiveCfg = Release|x64
		{255002EC-9FC7-422E-B497-BE2CC5012B2D}.Release|x64.Build.0 = Release|x64
		{255002EC-9FC7-422E-B497-BE2CC5012B2D}.Release|x86.ActiveCfg = Release|Win32
		{255002EC-9FC7-422E-B497-BE2CC5012B2D}.Release|x86.Build.0 = Release|Win32
		{A19F0358-A69B-42CB-9C40-9BC5FA471FA5}.Debug|ARM.ActiveCfg = Debug|Win32
		{A19F0358-A69B-42CB-9C40-9BC5FA471FA5}.Debug|ARM64.ActiveCfg = Debug|Win32
		{A19F0358-A69B-42CB-9C40-9BC5FA471FA5}.Debug|x64.ActiveCfg = Debug|x64
		{A19F0358-A69B-42CB-9C40-9BC5FA471FA5}.Debug|x64.Build.0 = Debug|x64
		{A19F0358-A69B-42CB-9C40-9BC5FA471FA5}.Debug|x86.ActiveCfg = Debug|Win32
		{A19F0358-A69B-42CB-9C40-9BC5FA471FA5}.Debug|x86.Build.0 = Debug|Win32
		{A19F0358-A69B-42CB-9C40-9BC5FA471FA5}.Release|ARM.ActiveCfg = Release|Win32
		{A19F0358-A69B-42CB-9C40-9BC5FA471FA5}.Release|ARM64.ActiveCfg = Release|Win32
		{A19F0358-A69B-42CB-9C40-9BC5FA471FA5}.Release|x64.ActiveCfg = Release|x64
		{A19F0358-A69B-42CB-9C40-9BC5FA471FA5}.Release|x64.Build.0 = Release|x64
		{A19F0358-A69B-42CB-9C40-9BC5FA471FA5}.Release|x86.ActiveCfg = Release|Win32
		{A19F0358-A69B-42CB-9C40-9BC5FA471FA5}.Release|x86.Build.0 = Release|Win32
	EndGlobalSection
	GlobalSection(SolutionProperties) = preSolution
		HideSolutionNode = FALSE
	EndGlobalSection
	GlobalSection(ExtensibilityGlobals) = postSolution
		SolutionGuid = {CA2A09C2-3ACF-484A-98ED-EC890E5592DE}
	EndGlobalSection
EndGlobal
